
Microsoft Visual Studio Solution File, Format Version 12.00
# Visual Studio 15
VisualStudioVersion = 15.0.26929.2
MinimumVisualStudioVersion = 10.0.40219.1
Project("{FAE04EC0-301F-11D3-BF4B-00C04F79EFBC}") = "1_Creational", "1_Creational\1_Creational.csproj", "{E503C2D7-105F-493B-9471-A939737F4B1B}"
EndProject
Project("{FAE04EC0-301F-11D3-BF4B-00C04F79EFBC}") = "1_Creational_Tests", "1_Creational_Tests\1_Creational_Tests.csproj", "{331F16CE-8C30-4D86-ABE6-260BE7453C77}"
EndProject
Project("{FAE04EC0-301F-11D3-BF4B-00C04F79EFBC}") = "2_Behavioral_Tests", "2_Behavioral_Tests\2_Behavioral_Tests.csproj", "{A74927C5-C08B-4900-B5C7-4D74FB7F99C6}"
EndProject
Project("{FAE04EC0-301F-11D3-BF4B-00C04F79EFBC}") = "2_Behavioral", "2_Behavioral\2_Behavioral.csproj", "{703B854C-D027-4109-A46C-42210FB6025B}"
EndProject
Global
	GlobalSection(SolutionConfigurationPlatforms) = preSolution
		Debug|Any CPU = Debug|Any CPU
		Release|Any CPU = Release|Any CPU
	EndGlobalSection
	GlobalSection(ProjectConfigurationPlatforms) = postSolution
		{E503C2D7-105F-493B-9471-A939737F4B1B}.Debug|Any CPU.ActiveCfg = Debug|Any CPU
		{E503C2D7-105F-493B-9471-A939737F4B1B}.Debug|Any CPU.Build.0 = Debug|Any CPU
		{E503C2D7-105F-493B-9471-A939737F4B1B}.Release|Any CPU.ActiveCfg = Release|Any CPU
		{E503C2D7-105F-493B-9471-A939737F4B1B}.Release|Any CPU.Build.0 = Release|Any CPU
		{331F16CE-8C30-4D86-ABE6-260BE7453C77}.Debug|Any CPU.ActiveCfg = Debug|Any CPU
		{331F16CE-8C30-4D86-ABE6-260BE7453C77}.Debug|Any CPU.Build.0 = Debug|Any CPU
		{331F16CE-8C30-4D86-ABE6-260BE7453C77}.Release|Any CPU.ActiveCfg = Release|Any CPU
		{331F16CE-8C30-4D86-ABE6-260BE7453C77}.Release|Any CPU.Build.0 = Release|Any CPU
		{A74927C5-C08B-4900-B5C7-4D74FB7F99C6}.Debug|Any CPU.ActiveCfg = Debug|Any CPU
		{A74927C5-C08B-4900-B5C7-4D74FB7F99C6}.Debug|Any CPU.Build.0 = Debug|Any CPU
		{A74927C5-C08B-4900-B5C7-4D74FB7F99C6}.Release|Any CPU.ActiveCfg = Release|Any CPU
		{A74927C5-C08B-4900-B5C7-4D74FB7F99C6}.Release|Any CPU.Build.0 = Release|Any CPU
		{703B854C-D027-4109-A46C-42210FB6025B}.Debug|Any CPU.ActiveCfg = Debug|Any CPU
		{703B854C-D027-4109-A46C-42210FB6025B}.Debug|Any CPU.Build.0 = Debug|Any CPU
		{703B854C-D027-4109-A46C-42210FB6025B}.Release|Any CPU.ActiveCfg = Release|Any CPU
		{703B854C-D027-4109-A46C-42210FB6025B}.Release|Any CPU.Build.0 = Release|Any CPU
	EndGlobalSection
	GlobalSection(SolutionProperties) = preSolution
		HideSolutionNode = FALSE
	EndGlobalSection
	GlobalSection(ExtensibilityGlobals) = postSolution
		SolutionGuid = {C9FB17D3-202D-41CF-9569-075167D9A351}
	EndGlobalSection
EndGlobal
